
Microsoft Visual Studio Solution File, Format Version 12.00
# Visual Studio 2013
VisualStudioVersion = 12.0.30723.0
MinimumVisualStudioVersion = 10.0.40219.1
Project("{FAE04EC0-301F-11D3-BF4B-00C04F79EFBC}") = "CalendarSystem", "CalendarSystem\CalendarSystem.csproj", "{A276EAEF-D227-4A2A-A38F-73BE537DA6BA}"
EndProject
Project("{FAE04EC0-301F-11D3-BF4B-00C04F79EFBC}") = "View", "View\View.csproj", "{00BA0E81-F363-4C27-8C8A-497D11E1E324}"
EndProject
Project("{FAE04EC0-301F-11D3-BF4B-00C04F79EFBC}") = "Controller", "Controller\Controller.csproj", "{0DDE2989-16A4-4170-AD1F-361A48E5F6C7}"
EndProject
Project("{FAE04EC0-301F-11D3-BF4B-00C04F79EFBC}") = "Model", "Model\Model.csproj", "{7A6CBB24-4303-4FA4-80A1-B029063524F2}"
EndProject
Project("{FAE04EC0-301F-11D3-BF4B-00C04F79EFBC}") = "DataStorage", "DataStorage\DataStorage.csproj", "{84485401-9534-4BD1-8C34-98EBD57C1E08}"
EndProject
Global
	GlobalSection(SolutionConfigurationPlatforms) = preSolution
		Debug|Any CPU = Debug|Any CPU
		Release|Any CPU = Release|Any CPU
	EndGlobalSection
	GlobalSection(ProjectConfigurationPlatforms) = postSolution
		{A276EAEF-D227-4A2A-A38F-73BE537DA6BA}.Debug|Any CPU.ActiveCfg = Debug|Any CPU
		{A276EAEF-D227-4A2A-A38F-73BE537DA6BA}.Debug|Any CPU.Build.0 = Debug|Any CPU
		{A276EAEF-D227-4A2A-A38F-73BE537DA6BA}.Release|Any CPU.ActiveCfg = Release|Any CPU
		{A276EAEF-D227-4A2A-A38F-73BE537DA6BA}.Release|Any CPU.Build.0 = Release|Any CPU
		{00BA0E81-F363-4C27-8C8A-497D11E1E324}.Debug|Any CPU.ActiveCfg = Debug|Any CPU
		{00BA0E81-F363-4C27-8C8A-497D11E1E324}.Debug|Any CPU.Build.0 = Debug|Any CPU
		{00BA0E81-F363-4C27-8C8A-497D11E1E324}.Release|Any CPU.ActiveCfg = Release|Any CPU
		{00BA0E81-F363-4C27-8C8A-497D11E1E324}.Release|Any CPU.Build.0 = Release|Any CPU
		{0DDE2989-16A4-4170-AD1F-361A48E5F6C7}.Debug|Any CPU.ActiveCfg = Debug|Any CPU
		{0DDE2989-16A4-4170-AD1F-361A48E5F6C7}.Debug|Any CPU.Build.0 = Debug|Any CPU
		{0DDE2989-16A4-4170-AD1F-361A48E5F6C7}.Release|Any CPU.ActiveCfg = Release|Any CPU
		{0DDE2989-16A4-4170-AD1F-361A48E5F6C7}.Release|Any CPU.Build.0 = Release|Any CPU
		{7A6CBB24-4303-4FA4-80A1-B029063524F2}.Debug|Any CPU.ActiveCfg = Debug|Any CPU
		{7A6CBB24-4303-4FA4-80A1-B029063524F2}.Debug|Any CPU.Build.0 = Debug|Any CPU
		{7A6CBB24-4303-4FA4-80A1-B029063524F2}.Release|Any CPU.ActiveCfg = Release|Any CPU
		{7A6CBB24-4303-4FA4-80A1-B029063524F2}.Release|Any CPU.Build.0 = Release|Any CPU
		{84485401-9534-4BD1-8C34-98EBD57C1E08}.Debug|Any CPU.ActiveCfg = Debug|Any CPU
		{84485401-9534-4BD1-8C34-98EBD57C1E08}.Debug|Any CPU.Build.0 = Debug|Any CPU
		{84485401-9534-4BD1-8C34-98EBD57C1E08}.Release|Any CPU.ActiveCfg = Release|Any CPU
		{84485401-9534-4BD1-8C34-98EBD57C1E08}.Release|Any CPU.Build.0 = Release|Any CPU
	EndGlobalSection
	GlobalSection(SolutionProperties) = preSolution
		HideSolutionNode = FALSE
	EndGlobalSection
EndGlobal
