
Microsoft Visual Studio Solution File, Format Version 12.00
# Visual Studio 2013
VisualStudioVersion = 12.0.30501.0
MinimumVisualStudioVersion = 10.0.40219.1
Project("{FAE04EC0-301F-11D3-BF4B-00C04F79EFBC}") = "Blundell_HelloWorld", "Blundell_HelloWorld\Blundell_HelloWorld.csproj", "{DBFDB75A-C125-4E0D-B3E3-29BDD215617B}"
EndProject
Project("{FAE04EC0-301F-11D3-BF4B-00C04F79EFBC}") = "Blundell_IsPowerOf", "Blundell_IsPowerOf\Blundell_IsPowerOf.csproj", "{64591FB0-7D3A-4108-8582-5EB387B97ACF}"
EndProject
Project("{FAE04EC0-301F-11D3-BF4B-00C04F79EFBC}") = "Blundell_ReversePolishCalculator", "Blundell_ReversePolishCalculator\Blundell_ReversePolishCalculator.csproj", "{0D9500A3-0CBD-452B-9900-C9B2B239F008}"
EndProject
Global
	GlobalSection(SolutionConfigurationPlatforms) = preSolution
		Debug|Any CPU = Debug|Any CPU
		Release|Any CPU = Release|Any CPU
	EndGlobalSection
	GlobalSection(ProjectConfigurationPlatforms) = postSolution
		{DBFDB75A-C125-4E0D-B3E3-29BDD215617B}.Debug|Any CPU.ActiveCfg = Debug|Any CPU
		{DBFDB75A-C125-4E0D-B3E3-29BDD215617B}.Debug|Any CPU.Build.0 = Debug|Any CPU
		{DBFDB75A-C125-4E0D-B3E3-29BDD215617B}.Release|Any CPU.ActiveCfg = Release|Any CPU
		{DBFDB75A-C125-4E0D-B3E3-29BDD215617B}.Release|Any CPU.Build.0 = Release|Any CPU
		{64591FB0-7D3A-4108-8582-5EB387B97ACF}.Debug|Any CPU.ActiveCfg = Debug|Any CPU
		{64591FB0-7D3A-4108-8582-5EB387B97ACF}.Debug|Any CPU.Build.0 = Debug|Any CPU
		{64591FB0-7D3A-4108-8582-5EB387B97ACF}.Release|Any CPU.ActiveCfg = Release|Any CPU
		{64591FB0-7D3A-4108-8582-5EB387B97ACF}.Release|Any CPU.Build.0 = Release|Any CPU
		{0D9500A3-0CBD-452B-9900-C9B2B239F008}.Debug|Any CPU.ActiveCfg = Debug|Any CPU
		{0D9500A3-0CBD-452B-9900-C9B2B239F008}.Debug|Any CPU.Build.0 = Debug|Any CPU
		{0D9500A3-0CBD-452B-9900-C9B2B239F008}.Release|Any CPU.ActiveCfg = Release|Any CPU
		{0D9500A3-0CBD-452B-9900-C9B2B239F008}.Release|Any CPU.Build.0 = Release|Any CPU
	EndGlobalSection
	GlobalSection(SolutionProperties) = preSolution
		HideSolutionNode = FALSE
	EndGlobalSection
EndGlobal
