
Microsoft Visual Studio Solution File, Format Version 12.00
# Visual Studio 2013
VisualStudioVersion = 12.0.30723.0
MinimumVisualStudioVersion = 10.0.40219.1
Project("{FAE04EC0-301F-11D3-BF4B-00C04F79EFBC}") = "Northwind", "Northwind\Northwind.csproj", "{D4B358F4-C87D-48BF-B8D9-E182B9578B9E}"
EndProject
Project("{FAE04EC0-301F-11D3-BF4B-00C04F79EFBC}") = "NorthwindApplication", "NorthwindApplication\NorthwindApplication.csproj", "{9A9ED504-A429-4EAF-838E-84818282D331}"
EndProject
Project("{FAE04EC0-301F-11D3-BF4B-00C04F79EFBC}") = "NorthwindApplication.tests", "NorthwindApplication.tests\NorthwindApplication.tests.csproj", "{05572F8D-323D-45FD-A369-A350A5C97619}"
EndProject
Global
	GlobalSection(SolutionConfigurationPlatforms) = preSolution
		Debug|Any CPU = Debug|Any CPU
		Release|Any CPU = Release|Any CPU
	EndGlobalSection
	GlobalSection(ProjectConfigurationPlatforms) = postSolution
		{D4B358F4-C87D-48BF-B8D9-E182B9578B9E}.Debug|Any CPU.ActiveCfg = Debug|Any CPU
		{D4B358F4-C87D-48BF-B8D9-E182B9578B9E}.Debug|Any CPU.Build.0 = Debug|Any CPU
		{D4B358F4-C87D-48BF-B8D9-E182B9578B9E}.Release|Any CPU.ActiveCfg = Release|Any CPU
		{D4B358F4-C87D-48BF-B8D9-E182B9578B9E}.Release|Any CPU.Build.0 = Release|Any CPU
		{9A9ED504-A429-4EAF-838E-84818282D331}.Debug|Any CPU.ActiveCfg = Debug|Any CPU
		{9A9ED504-A429-4EAF-838E-84818282D331}.Debug|Any CPU.Build.0 = Debug|Any CPU
		{9A9ED504-A429-4EAF-838E-84818282D331}.Release|Any CPU.ActiveCfg = Release|Any CPU
		{9A9ED504-A429-4EAF-838E-84818282D331}.Release|Any CPU.Build.0 = Release|Any CPU
		{05572F8D-323D-45FD-A369-A350A5C97619}.Debug|Any CPU.ActiveCfg = Debug|Any CPU
		{05572F8D-323D-45FD-A369-A350A5C97619}.Debug|Any CPU.Build.0 = Debug|Any CPU
		{05572F8D-323D-45FD-A369-A350A5C97619}.Release|Any CPU.ActiveCfg = Release|Any CPU
		{05572F8D-323D-45FD-A369-A350A5C97619}.Release|Any CPU.Build.0 = Release|Any CPU
	EndGlobalSection
	GlobalSection(SolutionProperties) = preSolution
		HideSolutionNode = FALSE
	EndGlobalSection
EndGlobal
